
Microsoft Visual Studio Solution File, Format Version 12.00
# Visual Studio 2012
Project("{8BC9CEB8-8B4A-11D0-8D11-00A0C91BC942}") = "harj24", "harj24\harj24.vcxproj", "{D22F61A7-BCBA-4EA5-8A31-C37FE93722AD}"
EndProject
Global
	GlobalSection(SolutionConfigurationPlatforms) = preSolution
		Debug|Win32 = Debug|Win32
		Release|Win32 = Release|Win32
	EndGlobalSection
	GlobalSection(ProjectConfigurationPlatforms) = postSolution
		{D22F61A7-BCBA-4EA5-8A31-C37FE93722AD}.Debug|Win32.ActiveCfg = Debug|Win32
		{D22F61A7-BCBA-4EA5-8A31-C37FE93722AD}.Debug|Win32.Build.0 = Debug|Win32
		{D22F61A7-BCBA-4EA5-8A31-C37FE93722AD}.Release|Win32.ActiveCfg = Release|Win32
		{D22F61A7-BCBA-4EA5-8A31-C37FE93722AD}.Release|Win32.Build.0 = Release|Win32
	EndGlobalSection
	GlobalSection(SolutionProperties) = preSolution
		HideSolutionNode = FALSE
	EndGlobalSection
EndGlobal
